
Microsoft Visual Studio Solution File, Format Version 12.00
# Visual Studio 2013
VisualStudioVersion = 12.0.30723.0
MinimumVisualStudioVersion = 10.0.40219.1
Project("{FAE04EC0-301F-11D3-BF4B-00C04F79EFBC}") = "Remote Windows Administrator", "Remote Windows Administrator\Remote Windows Administrator.csproj", "{68DE401B-3409-482B-88A3-941AF6BF850F}"
EndProject
Project("{FAE04EC0-301F-11D3-BF4B-00C04F79EFBC}") = "SyncList", "..\..\Scraps\SyncList\SyncList\SyncList.csproj", "{BB8462BF-BF16-4121-AB48-98DB9D3794D4}"
EndProject
Project("{FAE04EC0-301F-11D3-BF4B-00C04F79EFBC}") = "NotificationWindow", "..\..\NotificationWindow\NotificationWindow\NotificationWindow.csproj", "{53340B83-BAF7-428D-A2E4-1BB34E59E322}"
EndProject
Global
	GlobalSection(SolutionConfigurationPlatforms) = preSolution
		Debug|Any CPU = Debug|Any CPU
		Release|Any CPU = Release|Any CPU
	EndGlobalSection
	GlobalSection(ProjectConfigurationPlatforms) = postSolution
		{68DE401B-3409-482B-88A3-941AF6BF850F}.Debug|Any CPU.ActiveCfg = Debug|Any CPU
		{68DE401B-3409-482B-88A3-941AF6BF850F}.Debug|Any CPU.Build.0 = Debug|Any CPU
		{68DE401B-3409-482B-88A3-941AF6BF850F}.Release|Any CPU.ActiveCfg = Release|Any CPU
		{68DE401B-3409-482B-88A3-941AF6BF850F}.Release|Any CPU.Build.0 = Release|Any CPU
		{BB8462BF-BF16-4121-AB48-98DB9D3794D4}.Debug|Any CPU.ActiveCfg = Debug|Any CPU
		{BB8462BF-BF16-4121-AB48-98DB9D3794D4}.Debug|Any CPU.Build.0 = Debug|Any CPU
		{BB8462BF-BF16-4121-AB48-98DB9D3794D4}.Release|Any CPU.ActiveCfg = Release|Any CPU
		{BB8462BF-BF16-4121-AB48-98DB9D3794D4}.Release|Any CPU.Build.0 = Release|Any CPU
		{53340B83-BAF7-428D-A2E4-1BB34E59E322}.Debug|Any CPU.ActiveCfg = Debug|Any CPU
		{53340B83-BAF7-428D-A2E4-1BB34E59E322}.Debug|Any CPU.Build.0 = Debug|Any CPU
		{53340B83-BAF7-428D-A2E4-1BB34E59E322}.Release|Any CPU.ActiveCfg = Release|Any CPU
		{53340B83-BAF7-428D-A2E4-1BB34E59E322}.Release|Any CPU.Build.0 = Release|Any CPU
	EndGlobalSection
	GlobalSection(SolutionProperties) = preSolution
		HideSolutionNode = FALSE
	EndGlobalSection
EndGlobal
